# This file was autogenerated by uv via the following command:
#    uv pip compile pyproject.toml --extra dev --python-version 3.10 --output-file requirements.lock
arch==8.0.0
    # via quant-lab (pyproject.toml)
colorama==0.4.6
    # via pytest
coverage==7.16.0
    # via pytest-cov
exceptiongroup==1.3.1
    # via pytest
iniconfig==2.3.0
    # via pytest
numpy==2.2.6
    # via
    #   quant-lab (pyproject.toml)
    #   arch
    #   pandas
    #   patsy
    #   scipy
    #   statsmodels
packaging==26.3
    # via
    #   arch
    #   patsy
    #   pytest
    #   statsmodels
    #   wheel
pandas==2.3.2
    # via
    #   quant-lab (pyproject.toml)
    #   arch
    #   statsmodels
patsy==1.0.3
    # via statsmodels
pluggy==1.6.0
    # via
    #   pytest
    #   pytest-cov
pyarrow==20.0.0
    # via quant-lab (pyproject.toml)
pygments==2.21.0
    # via pytest
pytest==9.1.1
    # via
    #   quant-lab (pyproject.toml)
    #   pytest-cov
pytest-cov==7.1.0
    # via quant-lab (pyproject.toml)
python-dateutil==2.9.0.post0
    # via pandas
pytz==2026.3.post1
    # via pandas
pyyaml==6.0.3
    # via quant-lab (pyproject.toml)
ruff==0.16.5
    # via quant-lab (pyproject.toml)
scipy==1.15.3
    # via
    #   arch
    #   statsmodels
setuptools==84.0.0
    # via quant-lab (pyproject.toml)
six==1.17.0
    # via python-dateutil
statsmodels==0.14.6
    # via arch
tomli==2.4.1
    # via
    #   coverage
    #   pytest
typing-extensions==4.16.0
    # via exceptiongroup
tzdata==2026.3
    # via pandas
wheel==0.48.0
    # via quant-lab (pyproject.toml)
