#
# This file is autogenerated by pip-compile with Python 3.12
# by the following command:
#
#    pip-compile --allow-unsafe --build-deps-for=editable --extra=dev --index-url=https://pypi.org/simple --output-file=requirements.lock --strip-extras pyproject.toml
#
colorama==0.4.6
    # via pytest
coverage==7.16.0
    # via pytest-cov
iniconfig==2.3.0
    # via pytest
numpy==2.2.6
    # via
    #   pandas
    #   quant-lab (pyproject.toml)
packaging==26.3
    # via pytest
pandas==2.3.2
    # via quant-lab (pyproject.toml)
pluggy==1.6.0
    # via
    #   pytest
    #   pytest-cov
pyarrow==20.0.0
    # via quant-lab (pyproject.toml)
pygments==2.21.0
    # via pytest
pytest==9.1.1
    # via
    #   pytest-cov
    #   quant-lab (pyproject.toml)
pytest-cov==7.1.0
    # via quant-lab (pyproject.toml)
python-dateutil==2.9.0.post0
    # via pandas
pytz==2026.3.post1
    # via pandas
pyyaml==6.0.3
    # via quant-lab (pyproject.toml)
ruff==0.16.5
    # via quant-lab (pyproject.toml)
six==1.17.0
    # via python-dateutil
tzdata==2026.3
    # via pandas

# The following packages are considered to be unsafe in a requirements file:
setuptools==84.0.0
    # via quant-lab (pyproject.toml::build-system.requires)
